
Microsoft Visual Studio Solution File, Format Version 12.00
# Visual Studio Version 17
VisualStudioVersion = 17.8.34219.65
MinimumVisualStudioVersion = 10.0.40219.1
Project("{8BC9CEB8-8B4A-11D0-8D11-00A0C91BC942}") = "6a", "6a\6a.vcxproj", "{308FD930-A5AE-4E68-9278-32CC98D55D44}"
EndProject
Global
	GlobalSection(SolutionConfigurationPlatforms) = preSolution
		Debug|x64 = Debug|x64
		Debug|x86 = Debug|x86
		Release|x64 = Release|x64
		Release|x86 = Release|x86
	EndGlobalSection
	GlobalSection(ProjectConfigurationPlatforms) = postSolution
		{308FD930-A5AE-4E68-9278-32CC98D55D44}.Debug|x64.ActiveCfg = Debug|x64
		{308FD930-A5AE-4E68-9278-32CC98D55D44}.Debug|x64.Build.0 = Debug|x64
		{308FD930-A5AE-4E68-9278-32CC98D55D44}.Debug|x86.ActiveCfg = Debug|Win32
		{308FD930-A5AE-4E68-9278-32CC98D55D44}.Debug|x86.Build.0 = Debug|Win32
		{308FD930-A5AE-4E68-9278-32CC98D55D44}.Release|x64.ActiveCfg = Release|x64
		{308FD930-A5AE-4E68-9278-32CC98D55D44}.Release|x64.Build.0 = Release|x64
		{308FD930-A5AE-4E68-9278-32CC98D55D44}.Release|x86.ActiveCfg = Release|Win32
		{308FD930-A5AE-4E68-9278-32CC98D55D44}.Release|x86.Build.0 = Release|Win32
	EndGlobalSection
	GlobalSection(SolutionProperties) = preSolution
		HideSolutionNode = FALSE
	EndGlobalSection
	GlobalSection(ExtensibilityGlobals) = postSolution
		SolutionGuid = {07ECE116-713B-4261-9DF2-5687CD564201}
	EndGlobalSection
EndGlobal
